
Microsoft Visual Studio Solution File, Format Version 12.00
# Visual Studio 15
VisualStudioVersion = 15.0.27428.2015
MinimumVisualStudioVersion = 10.0.40219.1
Project("{FAE04EC0-301F-11D3-BF4B-00C04F79EFBC}") = "ServiceBusRouter", "ServiceBusRouter\ServiceBusRouter.csproj", "{8E4CDFB3-B467-448C-BEDC-CA8809893FD3}"
EndProject
Global
	GlobalSection(SolutionConfigurationPlatforms) = preSolution
		Debug|Any CPU = Debug|Any CPU
		Release|Any CPU = Release|Any CPU
	EndGlobalSection
	GlobalSection(ProjectConfigurationPlatforms) = postSolution
		{8E4CDFB3-B467-448C-BEDC-CA8809893FD3}.Debug|Any CPU.ActiveCfg = Debug|Any CPU
		{8E4CDFB3-B467-448C-BEDC-CA8809893FD3}.Debug|Any CPU.Build.0 = Debug|Any CPU
		{8E4CDFB3-B467-448C-BEDC-CA8809893FD3}.Release|Any CPU.ActiveCfg = Release|Any CPU
		{8E4CDFB3-B467-448C-BEDC-CA8809893FD3}.Release|Any CPU.Build.0 = Release|Any CPU
	EndGlobalSection
	GlobalSection(SolutionProperties) = preSolution
		HideSolutionNode = FALSE
	EndGlobalSection
	GlobalSection(ExtensibilityGlobals) = postSolution
		SolutionGuid = {2A79BC27-401C-468B-B6B0-8689FFD98207}
	EndGlobalSection
EndGlobal
